
Microsoft Visual Studio Solution File, Format Version 12.00
# Visual Studio Version 17
VisualStudioVersion = 17.11.35312.102
MinimumVisualStudioVersion = 10.0.40219.1
Project("{FAE04EC0-301F-11D3-BF4B-00C04F79EFBC}") = "UnrealExporter.UI", "UnrealExporter.UI\UnrealExporter.UI.csproj", "{59B6A71C-1FF8-4ACA-8A0D-BB26A82C37AD}"
EndProject
Project("{FAE04EC0-301F-11D3-BF4B-00C04F79EFBC}") = "UnrealExporter.App", "UnrealExporter.App\UnrealExporter.App.csproj", "{D71D96B5-571A-42CF-B9B4-4EA269AF7A0D}"
EndProject
Global
	GlobalSection(SolutionConfigurationPlatforms) = preSolution
		Debug|Any CPU = Debug|Any CPU
		Release|Any CPU = Release|Any CPU
	EndGlobalSection
	GlobalSection(ProjectConfigurationPlatforms) = postSolution
		{59B6A71C-1FF8-4ACA-8A0D-BB26A82C37AD}.Debug|Any CPU.ActiveCfg = Debug|Any CPU
		{59B6A71C-1FF8-4ACA-8A0D-BB26A82C37AD}.Debug|Any CPU.Build.0 = Debug|Any CPU
		{59B6A71C-1FF8-4ACA-8A0D-BB26A82C37AD}.Release|Any CPU.ActiveCfg = Release|Any CPU
		{59B6A71C-1FF8-4ACA-8A0D-BB26A82C37AD}.Release|Any CPU.Build.0 = Release|Any CPU
		{D71D96B5-571A-42CF-B9B4-4EA269AF7A0D}.Debug|Any CPU.ActiveCfg = Debug|Any CPU
		{D71D96B5-571A-42CF-B9B4-4EA269AF7A0D}.Debug|Any CPU.Build.0 = Debug|Any CPU
		{D71D96B5-571A-42CF-B9B4-4EA269AF7A0D}.Release|Any CPU.ActiveCfg = Release|Any CPU
		{D71D96B5-571A-42CF-B9B4-4EA269AF7A0D}.Release|Any CPU.Build.0 = Release|Any CPU
	EndGlobalSection
	GlobalSection(SolutionProperties) = preSolution
		HideSolutionNode = FALSE
	EndGlobalSection
	GlobalSection(ExtensibilityGlobals) = postSolution
		SolutionGuid = {0DBCE34D-7158-4A2D-9F2A-3885FA0262DB}
	EndGlobalSection
EndGlobal
